
Microsoft Visual Studio Solution File, Format Version 12.00
# Visual Studio 15
VisualStudioVersion = 15.0.27428.2027
MinimumVisualStudioVersion = 10.0.40219.1
Project("{FAE04EC0-301F-11D3-BF4B-00C04F79EFBC}") = "aspmvc", "aspmvc\aspmvc.csproj", "{BDFB9014-156F-4BC0-951F-53F2FF233EE7}"
EndProject
Global
	GlobalSection(SolutionConfigurationPlatforms) = preSolution
		Debug|Any CPU = Debug|Any CPU
		Release|Any CPU = Release|Any CPU
	EndGlobalSection
	GlobalSection(ProjectConfigurationPlatforms) = postSolution
		{BDFB9014-156F-4BC0-951F-53F2FF233EE7}.Debug|Any CPU.ActiveCfg = Debug|Any CPU
		{BDFB9014-156F-4BC0-951F-53F2FF233EE7}.Debug|Any CPU.Build.0 = Debug|Any CPU
		{BDFB9014-156F-4BC0-951F-53F2FF233EE7}.Release|Any CPU.ActiveCfg = Release|Any CPU
		{BDFB9014-156F-4BC0-951F-53F2FF233EE7}.Release|Any CPU.Build.0 = Release|Any CPU
	EndGlobalSection
	GlobalSection(SolutionProperties) = preSolution
		HideSolutionNode = FALSE
	EndGlobalSection
	GlobalSection(ExtensibilityGlobals) = postSolution
		SolutionGuid = {8E6149F4-E5AD-4F21-AB11-0B3C74032DF4}
	EndGlobalSection
EndGlobal
